
Microsoft Visual Studio Solution File, Format Version 12.00
# Visual Studio Version 17
VisualStudioVersion = 17.8.34322.80
MinimumVisualStudioVersion = 10.0.40219.1
Project("{FAE04EC0-301F-11D3-BF4B-00C04F79EFBC}") = "OperatorIf", "OperatorIf.csproj", "{9A858BC5-A7F9-40AF-B0E9-284CA9AAD942}"
EndProject
Project("{FAE04EC0-301F-11D3-BF4B-00C04F79EFBC}") = "OperatorAnd", "..\OperatorAnd\OperatorAnd.csproj", "{B6B5E346-6583-4818-9ECF-27681754DBF4}"
EndProject
Project("{FAE04EC0-301F-11D3-BF4B-00C04F79EFBC}") = "OperatorOr", "..\OperatorOr\OperatorOr.csproj", "{F1EA260E-325A-4CF3-9DFD-60233DB40DA2}"
EndProject
Project("{FAE04EC0-301F-11D3-BF4B-00C04F79EFBC}") = "OperatorXOR", "..\OperatorXOR\OperatorXOR.csproj", "{9460B256-BB32-4F11-9D73-8336D6428E02}"
EndProject
Project("{FAE04EC0-301F-11D3-BF4B-00C04F79EFBC}") = "CycleFor", "..\CycleFor\CycleFor.csproj", "{A8EE1847-08EA-4389-A019-6D8FDE5A802B}"
EndProject
Global
	GlobalSection(SolutionConfigurationPlatforms) = preSolution
		Debug|Any CPU = Debug|Any CPU
		Release|Any CPU = Release|Any CPU
	EndGlobalSection
	GlobalSection(ProjectConfigurationPlatforms) = postSolution
		{9A858BC5-A7F9-40AF-B0E9-284CA9AAD942}.Debug|Any CPU.ActiveCfg = Debug|Any CPU
		{9A858BC5-A7F9-40AF-B0E9-284CA9AAD942}.Debug|Any CPU.Build.0 = Debug|Any CPU
		{9A858BC5-A7F9-40AF-B0E9-284CA9AAD942}.Release|Any CPU.ActiveCfg = Release|Any CPU
		{9A858BC5-A7F9-40AF-B0E9-284CA9AAD942}.Release|Any CPU.Build.0 = Release|Any CPU
		{B6B5E346-6583-4818-9ECF-27681754DBF4}.Debug|Any CPU.ActiveCfg = Debug|Any CPU
		{B6B5E346-6583-4818-9ECF-27681754DBF4}.Debug|Any CPU.Build.0 = Debug|Any CPU
		{B6B5E346-6583-4818-9ECF-27681754DBF4}.Release|Any CPU.ActiveCfg = Release|Any CPU
		{B6B5E346-6583-4818-9ECF-27681754DBF4}.Release|Any CPU.Build.0 = Release|Any CPU
		{F1EA260E-325A-4CF3-9DFD-60233DB40DA2}.Debug|Any CPU.ActiveCfg = Debug|Any CPU
		{F1EA260E-325A-4CF3-9DFD-60233DB40DA2}.Debug|Any CPU.Build.0 = Debug|Any CPU
		{F1EA260E-325A-4CF3-9DFD-60233DB40DA2}.Release|Any CPU.ActiveCfg = Release|Any CPU
		{F1EA260E-325A-4CF3-9DFD-60233DB40DA2}.Release|Any CPU.Build.0 = Release|Any CPU
		{9460B256-BB32-4F11-9D73-8336D6428E02}.Debug|Any CPU.ActiveCfg = Debug|Any CPU
		{9460B256-BB32-4F11-9D73-8336D6428E02}.Debug|Any CPU.Build.0 = Debug|Any CPU
		{9460B256-BB32-4F11-9D73-8336D6428E02}.Release|Any CPU.ActiveCfg = Release|Any CPU
		{9460B256-BB32-4F11-9D73-8336D6428E02}.Release|Any CPU.Build.0 = Release|Any CPU
		{A8EE1847-08EA-4389-A019-6D8FDE5A802B}.Debug|Any CPU.ActiveCfg = Debug|Any CPU
		{A8EE1847-08EA-4389-A019-6D8FDE5A802B}.Debug|Any CPU.Build.0 = Debug|Any CPU
		{A8EE1847-08EA-4389-A019-6D8FDE5A802B}.Release|Any CPU.ActiveCfg = Release|Any CPU
		{A8EE1847-08EA-4389-A019-6D8FDE5A802B}.Release|Any CPU.Build.0 = Release|Any CPU
	EndGlobalSection
	GlobalSection(SolutionProperties) = preSolution
		HideSolutionNode = FALSE
	EndGlobalSection
	GlobalSection(ExtensibilityGlobals) = postSolution
		SolutionGuid = {02474E4B-C50F-4EF4-9388-77190BBD821F}
	EndGlobalSection
EndGlobal
